<?xml version="1.0" encoding="utf-8"?>
<Project ToolsVersion="4.0" xmlns="http://schemas.microsoft.com/developer/msbuild/2003">
  <ItemGroup>
    <Filter Include="Source Files">
      <UniqueIdentifier>{4FC737F1-C7A5-4376-A066-2A32D752A2FF}</UniqueIdentifier>
      <Extensions>cpp;c;cc;cxx;def;odl;idl;hpj;bat;asm;asmx</Extensions>
    </Filter>
    <Filter Include="Source Files\source">
      <UniqueIdentifier>{3f0b361d-e959-4712-bd7f-b211a50b8b89}</UniqueIdentifier>
    </Filter>
    <Filter Include="Source Files\test">
      <UniqueIdentifier>{a5701a66-1845-4643-b359-7bc01a47fe2d}</UniqueIdentifier>
    </Filter>
    <Filter Include="Source Files\precompiled">
      <UniqueIdentifier>{ec9c9ba0-fde3-42a6-ad15-1d2221ab37fb}</UniqueIdentifier>
    </Filter>
  </ItemGroup>
  <ItemGroup>
    <ClCompile Include="color_test.cpp">
      <Filter>Source Files\test</Filter>
    </ClCompile>
    <ClCompile Include="stdafx.cpp">
      <Filter>Source Files\precompiled</Filter>
    </ClCompile>
    <ClCompile Include="color.cpp">
      <Filter>Source Files\source</Filter>
    </ClCompile>
  </ItemGroup>
  <ItemGroup>
    <ClInclude Include="stdafx.h">
      <Filter>Source Files\precompiled</Filter>
    </ClInclude>
    <ClInclude Include="color.h">
      <Filter>Source Files\source</Filter>
    </ClInclude>
  </ItemGroup>
</Project>